github.com/juliangruber/go-intersect v1.0.0 h1:0XNPNaEoPd7PZljVNZLk4qrRkR153Sjk2ZL1426zFQ0=
github.com/juliangruber/go-intersect v1.0.0/go.mod h1:unIef4vysSJvZ6adJAAPiBVKpS4r/IOkmfuFghRFDDM=
github.com/ybbus/jsonrpc v2.1.2+incompatible h1:V4mkE9qhbDQ92/MLMIhlhMSbz8jNXdagC3xBR5NDwaQ=
github.com/ybbus/jsonrpc v2.1.2+incompatible/go.mod h1:XJrh1eMSzdIYFbM08flv0wp5G35eRniyeGut1z+LSiE=
